// !$*UTF8*$!
{
	archiveVersion = 1;
	classes = {
	};
	objectVersion = 48;
	objects = {

/* Begin PBXBuildFile section */
		24C2EAEF1FF9365F00C9503D /* AppDelegate.swift in Sources */ = {isa = PBXBuildFile; fileRef = 24C2EAEE1FF9365F00C9503D /* AppDelegate.swift */; };
		24C2EAF11FF9365F00C9503D /* ViewController.swift in Sources */ = {isa = PBXBuildFile; fileRef = 24C2EAF01FF9365F00C9503D /* ViewController.swift */; };
		24C2EAF41FF9365F00C9503D /* Main.storyboard in Resources */ = {isa = PBXBuildFile; fileRef = 24C2EAF21FF9365F00C9503D /* Main.storyboard */; };
		24C2EAF61FF9365F00C9503D /* Assets.xcassets in Resources */ = {isa = PBXBuildFile; fileRef = 24C2EAF51FF9365F00C9503D /* Assets.xcassets */; };
		24C2EAF91FF9365F00C9503D /* LaunchScreen.storyboard in Resources */ = {isa = PBXBuildFile; fileRef = 24C2EAF71FF9365F00C9503D /* LaunchScreen.storyboard */; };
		24C2EB041FF9365F00C9503D /* flowTests.swift in Sources */ = {isa = PBXBuildFile; fileRef = 24C2EB031FF9365F00C9503D /* flowTests.swift */; };
		24C2EB0F1FF9365F00C9503D /* flowUITests.swift in Sources */ = {isa = PBXBuildFile; fileRef = 24C2EB0E1FF9365F00C9503D /* flowUITests.swift */; };
/* End PBXBuildFile section */

/* Begin PBXContainerItemProxy section */
		24C2EB001FF9365F00C9503D /* PBXContainerItemProxy */ = {
			isa = PBXContainerItemProxy;
			containerPortal = 24C2EAE31FF9365F00C9503D /* Project object */;
			proxyType = 1;
			remoteGlobalIDString = 24C2EAEA1FF9365F00C9503D;
			remoteInfo = flow;
		};
		24C2EB0B1FF9365F00C9503D /* PBXContainerItemProxy */ = {
			isa = PBXContainerItemProxy;
			containerPortal = 24C2EAE31FF9365F00C9503D /* Project object */;
			proxyType = 1;
			remoteGlobalIDString = 24C2EAEA1FF9365F00C9503D;
			remoteInfo = flow;
		};
/* End PBXContainerItemProxy section */

/* Begin PBXFileReference section */
		24C2EAEB1FF9365F00C9503D /* flow.app */ = {isa = PBXFileReference; explicitFileType = wrapper.application; includeInIndex = 0; path = flow.app; sourceTree = BUILT_PRODUCTS_DIR; };
		24C2EAEE1FF9365F00C9503D /* AppDelegate.swift */ = {isa = PBXFileReference; lastKnownFileType = sourcecode.swift; path = AppDelegate.swift; sourceTree = "<group>"; };
		24C2EAF01FF9365F00C9503D /* ViewController.swift */ = {isa = PBXFileReference; lastKnownFileType = sourcecode.swift; path = ViewController.swift; sourceTree = "<group>"; };
		24C2EAF31FF9365F00C9503D /* Base */ = {isa = PBXFileReference; lastKnownFileType = file.storyboard; name = Base; path = Base.lproj/Main.storyboard; sourceTree = "<group>"; };
		24C2EAF51FF9365F00C9503D /* Assets.xcassets */ = {isa = PBXFileReference; lastKnownFileType = folder.assetcatalog; path = Assets.xcassets; sourceTree = "<group>"; };
		24C2EAF81FF9365F00C9503D /* Base */ = {isa = PBXFileReference; lastKnownFileType = file.storyboard; name = Base; path = Base.lproj/LaunchScreen.storyboard; sourceTree = "<group>"; };
		24C2EAFA1FF9365F00C9503D /* Info.plist */ = {isa = PBXFileReference; lastKnownFileType = text.plist.xml; path = Info.plist; sourceTree = "<group>"; };
		24C2EAFF1FF9365F00C9503D /* flowTests.xctest */ = {isa = PBXFileReference; explicitFileType = wrapper.cfbundle; includeInIndex = 0; path = flowTests.xctest; sourceTree = BUILT_PRODUCTS_DIR; };
		24C2EB031FF9365F00C9503D /* flowTests.swift */ = {isa = PBXFileReference; lastKnownFileType = sourcecode.swift; path = flowTests.swift; sourceTree = "<group>"; };
		24C2EB051FF9365F00C9503D /* Info.plist */ = {isa = PBXFileReference; lastKnownFileType = text.plist.xml; path = Info.plist; sourceTree = "<group>"; };
		24C2EB0A1FF9365F00C9503D /* flowUITests.xctest */ = {isa = PBXFileReference; explicitFileType = wrapper.cfbundle; includeInIndex = 0; path = flowUITests.xctest; sourceTree = BUILT_PRODUCTS_DIR; };
		24C2EB0E1FF9365F00C9503D /* flowUITests.swift */ = {isa = PBXFileReference; lastKnownFileType = sourcecode.swift; path = flowUITests.swift; sourceTree = "<group>"; };
		24C2EB101FF9365F00C9503D /* Info.plist */ = {isa = PBXFileReference; lastKnownFileType = text.plist.xml; path = Info.plist; sourceTree = "<group>"; };
/* End PBXFileReference section */

/* Begin PBXFrameworksBuildPhase section */
		24C2EAE81FF9365F00C9503D /* Frameworks */ = {
			isa = PBXFrameworksBuildPhase;
			buildActionMask = 2147483647;
			files = (
			);
			runOnlyForDeploymentPostprocessing = 0;
		};
		24C2EAFC1FF9365F00C9503D /* Frameworks */ = {
			isa = PBXFrameworksBuildPhase;
			buildActionMask = 2147483647;
			files = (
			);
			runOnlyForDeploymentPostprocessing = 0;
		};
		24C2EB071FF9365F00C9503D /* Frameworks */ = {
			isa = PBXFrameworksBuildPhase;
			buildActionMask = 2147483647;
			files = (
			);
			runOnlyForDeploymentPostprocessing = 0;
		};
/* End PBXFrameworksBuildPhase section */

/* Begin PBXGroup section */
		24C2EAE21FF9365F00C9503D = {
			isa = PBXGroup;
			children = (
				24C2EAED1FF9365F00C9503D /* flow */,
				24C2EB021FF9365F00C9503D /* flowTests */,
				24C2EB0D1FF9365F00C9503D /* flowUITests */,
				24C2EAEC1FF9365F00C9503D /* Products */,
			);
			sourceTree = "<group>";
		};
		24C2EAEC1FF9365F00C9503D /* Products */ = {
			isa = PBXGroup;
			children = (
				24C2EAEB1FF9365F00C9503D /* flow.app */,
				24C2EAFF1FF9365F00C9503D /* flowTests.xctest */,
				24C2EB0A1FF9365F00C9503D /* flowUITests.xctest */,
			);
			name = Products;
			sourceTree = "<group>";
		};
		24C2EAED1FF9365F00C9503D /* flow */ = {
			isa = PBXGroup;
			children = (
				24C2EAEE1FF9365F00C9503D /* AppDelegate.swift */,
				24C2EAF01FF9365F00C9503D /* ViewController.swift */,
				24C2EAF21FF9365F00C9503D /* Main.storyboard */,
				24C2EAF51FF9365F00C9503D /* Assets.xcassets */,
				24C2EAF71FF9365F00C9503D /* LaunchScreen.storyboard */,
				24C2EAFA1FF9365F00C9503D /* Info.plist */,
			);
			path = flow;
			sourceTree = "<group>";
		};
		24C2EB021FF9365F00C9503D /* flowTests */ = {
			isa = PBXGroup;
			children = (
				24C2EB031FF9365F00C9503D /* flowTests.swift */,
				24C2EB051FF9365F00C9503D /* Info.plist */,
			);
			path = flowTests;
			sourceTree = "<group>";
		};
		24C2EB0D1FF9365F00C9503D /* flowUITests */ = {
			isa = PBXGroup;
			children = (
				24C2EB0E1FF9365F00C9503D /* flowUITests.swift */,
				24C2EB101FF9365F00C9503D /* Info.plist */,
			);
			path = flowUITests;
			sourceTree = "<group>";
		};
/* End PBXGroup section */

/* Begin PBXNativeTarget section */
		24C2EAEA1FF9365F00C9503D /* flow */ = {
			isa = PBXNativeTarget;
			buildConfigurationList = 24C2EB131FF9365F00C9503D /* Build configuration list for PBXNativeTarget "flow" */;
			buildPhases = (
				24C2EAE71FF9365F00C9503D /* Sources */,
				24C2EAE81FF9365F00C9503D /* Frameworks */,
				24C2EAE91FF9365F00C9503D /* Resources */,
			);
			buildRules = (
			);
			dependencies = (
			);
			name = flow;
			productName = flow;
			productReference = 24C2EAEB1FF9365F00C9503D /* flow.app */;
			productType = "com.apple.product-type.application";
		};
		24C2EAFE1FF9365F00C9503D /* flowTests */ = {
			isa = PBXNativeTarget;
			buildConfigurationList = 24C2EB161FF9365F00C9503D /* Build configuration list for PBXNativeTarget "flowTests" */;
			buildPhases = (
				24C2EAFB1FF9365F00C9503D /* Sources */,
				24C2EAFC1FF9365F00C9503D /* Frameworks */,
				24C2EAFD1FF9365F00C9503D /* Resources */,
			);
			buildRules = (
			);
			dependencies = (
				24C2EB011FF9365F00C9503D /* PBXTargetDependency */,
			);
			name = flowTests;
			productName = flowTests;
			productReference = 24C2EAFF1FF9365F00C9503D /* flowTests.xctest */;
			productType = "com.apple.product-type.bundle.unit-test";
		};
		24C2EB091FF9365F00C9503D /* flowUITests */ = {
			isa = PBXNativeTarget;
			buildConfigurationList = 24C2EB191FF9365F00C9503D /* Build configuration list for PBXNativeTarget "flowUITests" */;
			buildPhases = (
				24C2EB061FF9365F00C9503D /* Sources */,
				24C2EB071FF9365F00C9503D /* Frameworks */,
				24C2EB081FF9365F00C9503D /* Resources */,
			);
			buildRules = (
			);
			dependencies = (
				24C2EB0C1FF9365F00C9503D /* PBXTargetDependency */,
			);
			name = flowUITests;
			productName = flowUITests;
			productReference = 24C2EB0A1FF9365F00C9503D /* flowUITests.xctest */;
			productType = "com.apple.product-type.bundle.ui-testing";
		};
/* End PBXNativeTarget section */

/* Begin PBXProject section */
		24C2EAE31FF9365F00C9503D /* Project object */ = {
			isa = PBXProject;
			attributes = {
				LastSwiftUpdateCheck = 0920;
				LastUpgradeCheck = 0920;
				ORGANIZATIONNAME = tm;
				TargetAttributes = {
					24C2EAEA1FF9365F00C9503D = {
						CreatedOnToolsVersion = 9.2;
						ProvisioningStyle = Automatic;
					};
					24C2EAFE1FF9365F00C9503D = {
						CreatedOnToolsVersion = 9.2;
						ProvisioningStyle = Automatic;
						TestTargetID = 24C2EAEA1FF9365F00C9503D;
					};
					24C2EB091FF9365F00C9503D = {
						CreatedOnToolsVersion = 9.2;
						ProvisioningStyle = Automatic;
						TestTargetID = 24C2EAEA1FF9365F00C9503D;
					};
				};
			};
			buildConfigurationList = 24C2EAE61FF9365F00C9503D /* Build configuration list for PBXProject "flow" */;
			compatibilityVersion = "Xcode 8.0";
			developmentRegion = en;
			hasScannedForEncodings = 0;
			knownRegions = (
				en,
				Base,
			);
			mainGroup = 24C2EAE21FF9365F00C9503D;
			productRefGroup = 24C2EAEC1FF9365F00C9503D /* Products */;
			projectDirPath = "";
			projectRoot = "";
			targets = (
				24C2EAEA1FF9365F00C9503D /* flow */,
				24C2EAFE1FF9365F00C9503D /* flowTests */,
				24C2EB091FF9365F00C9503D /* flowUITests */,
			);
		};
/* End PBXProject section */

/* Begin PBXResourcesBuildPhase section */
		24C2EAE91FF9365F00C9503D /* Resources */ = {
			isa = PBXResourcesBuildPhase;
			buildActionMask = 2147483647;
			files = (
				24C2EAF91FF9365F00C9503D /* LaunchScreen.storyboard in Resources */,
				24C2EAF61FF9365F00C9503D /* Assets.xcassets in Resources */,
				24C2EAF41FF9365F00C9503D /* Main.storyboard in Resources */,
			);
			runOnlyForDeploymentPostprocessing = 0;
		};
		24C2EAFD1FF9365F00C9503D /* Resources */ = {
			isa = PBXResourcesBuildPhase;
			buildActionMask = 2147483647;
			files = (
			);
			runOnlyForDeploymentPostprocessing = 0;
		};
		24C2EB081FF9365F00C9503D /* Resources */ = {
			isa = PBXResourcesBuildPhase;
			buildActionMask = 2147483647;
			files = (
			);
			runOnlyForDeploymentPostprocessing = 0;
		};
/* End PBXResourcesBuildPhase section */

/* Begin PBXSourcesBuildPhase section */
		24C2EAE71FF9365F00C9503D /* Sources */ = {
			isa = PBXSourcesBuildPhase;
			buildActionMask = 2147483647;
			files = (
				24C2EAF11FF9365F00C9503D /* ViewController.swift in Sources */,
				24C2EAEF1FF9365F00C9503D /* AppDelegate.swift in Sources */,
			);
			runOnlyForDeploymentPostprocessing = 0;
		};
		24C2EAFB1FF9365F00C9503D /* Sources */ = {
			isa = PBXSourcesBuildPhase;
			buildActionMask = 2147483647;
			files = (
				24C2EB041FF9365F00C9503D /* flowTests.swift in Sources */,
			);
			runOnlyForDeploymentPostprocessing = 0;
		};
		24C2EB061FF9365F00C9503D /* Sources */ = {
			isa = PBXSourcesBuildPhase;
			buildActionMask = 2147483647;
			files = (
				24C2EB0F1FF9365F00C9503D /* flowUITests.swift in Sources */,
			);
			runOnlyForDeploymentPostprocessing = 0;
		};
/* End PBXSourcesBuildPhase section */

/* Begin PBXTargetDependency section */
		24C2EB011FF9365F00C9503D /* PBXTargetDependency */ = {
			isa = PBXTargetDependency;
			target = 24C2EAEA1FF9365F00C9503D /* flow */;
			targetProxy = 24C2EB001FF9365F00C9503D /* PBXContainerItemProxy */;
		};
		24C2EB0C1FF9365F00C9503D /* PBXTargetDependency */ = {
			isa = PBXTargetDependency;
			target = 24C2EAEA1FF9365F00C9503D /* flow */;
			targetProxy = 24C2EB0B1FF9365F00C9503D /* PBXContainerItemProxy */;
		};
/* End PBXTargetDependency section */

/* Begin PBXVariantGroup section */
		24C2EAF21FF9365F00C9503D /* Main.storyboard */ = {
			isa = PBXVariantGroup;
			children = (
				24C2EAF31FF9365F00C9503D /* Base */,
			);
			name = Main.storyboard;
			sourceTree = "<group>";
		};
		24C2EAF71FF9365F00C9503D /* LaunchScreen.storyboard */ = {
			isa = PBXVariantGroup;
			children = (
				24C2EAF81FF9365F00C9503D /* Base */,
			);
			name = LaunchScreen.storyboard;
			sourceTree = "<group>";
		};
/* End PBXVariantGroup section */

/* Begin XCBuildConfiguration section */
		24C2EB111FF9365F00C9503D /* Debug */ = {
			isa = XCBuildConfiguration;
			buildSettings = {
				ALWAYS_SEARCH_USER_PATHS = NO;
				CLANG_ANALYZER_NONNULL = YES;
				CLANG_ANALYZER_NUMBER_OBJECT_CONVERSION = YES_AGGRESSIVE;
				CLANG_CXX_LANGUAGE_STANDARD = "gnu++14";
				CLANG_CXX_LIBRARY = "libc++";
				CLANG_ENABLE_MODULES = YES;
				CLANG_ENABLE_OBJC_ARC = YES;
				CLANG_WARN_BLOCK_CAPTURE_AUTORELEASING = YES;
				CLANG_WARN_BOOL_CONVERSION = YES;
				CLANG_WARN_COMMA = YES;
				CLANG_WARN_CONSTANT_CONVERSION = YES;
				CLANG_WARN_DIRECT_OBJC_ISA_USAGE = YES_ERROR;
				CLANG_WARN_DOCUMENTATION_COMMENTS = YES;
				CLANG_WARN_EMPTY_BODY = YES;
				CLANG_WARN_ENUM_CONVERSION = YES;
				CLANG_WARN_INFINITE_RECURSION = YES;
				CLANG_WARN_INT_CONVERSION = YES;
				CLANG_WARN_NON_LITERAL_NULL_CONVERSION = YES;
				CLANG_WARN_OBJC_LITERAL_CONVERSION = YES;
				CLANG_WARN_OBJC_ROOT_CLASS = YES_ERROR;
				CLANG_WARN_RANGE_LOOP_ANALYSIS = YES;
				CLANG_WARN_STRICT_PROTOTYPES = YES;
				CLANG_WARN_SUSPICIOUS_MOVE = YES;
				CLANG_WARN_UNGUARDED_AVAILABILITY = YES_AGGRESSIVE;
				CLANG_WARN_UNREACHABLE_CODE = YES;
				CLANG_WARN__DUPLICATE_METHOD_MATCH = YES;
				CODE_SIGN_IDENTITY = "iPhone Developer";
				COPY_PHASE_STRIP = NO;
				DEBUG_INFORMATION_FORMAT = dwarf;
				ENABLE_STRICT_OBJC_MSGSEND = YES;
				ENABLE_TESTABILITY = YES;
				GCC_C_LANGUAGE_STANDARD = gnu11;
				GCC_DYNAMIC_NO_PIC = NO;
				GCC_NO_COMMON_BLOCKS = YES;
				GCC_OPTIMIZATION_LEVEL = 0;
				GCC_PREPROCESSOR_DEFINITIONS = (
					"DEBUG=1",
					"$(inherited)",
				);
				GCC_WARN_64_TO_32_BIT_CONVERSION = YES;
				GCC_WARN_ABOUT_RETURN_TYPE = YES_ERROR;
				GCC_WARN_UNDECLARED_SELECTOR = YES;
				GCC_WARN_UNINITIALIZED_AUTOS = YES_AGGRESSIVE;
				GCC_WARN_UNUSED_FUNCTION = YES;
				GCC_WARN_UNUSED_VARIABLE = YES;
				IPHONEOS_DEPLOYMENT_TARGET = 11.2;
				MTL_ENABLE_DEBUG_INFO = YES;
				ONLY_ACTIVE_ARCH = YES;
				SDKROOT = iphoneos;
				SWIFT_ACTIVE_COMPILATION_CONDITIONS = DEBUG;
				SWIFT_OPTIMIZATION_LEVEL = "-Onone";
			};
			name = Debug;
		};
		24C2EB121FF9365F00C9503D /* Release */ = {
			isa = XCBuildConfiguration;
			buildSettings = {
				ALWAYS_SEARCH_USER_PATHS = NO;
				CLANG_ANALYZER_NONNULL = YES;
				CLANG_ANALYZER_NUMBER_OBJECT_CONVERSION = YES_AGGRESSIVE;
				CLANG_CXX_LANGUAGE_STANDARD = "gnu++14";
				CLANG_CXX_LIBRARY = "libc++";
				CLANG_ENABLE_MODULES = YES;
				CLANG_ENABLE_OBJC_ARC = YES;
				CLANG_WARN_BLOCK_CAPTURE_AUTORELEASING = YES;
				CLANG_WARN_BOOL_CONVERSION = YES;
				CLANG_WARN_COMMA = YES;
				CLANG_WARN_CONSTANT_CONVERSION = YES;
				CLANG_WARN_DIRECT_OBJC_ISA_USAGE = YES_ERROR;
				CLANG_WARN_DOCUMENTATION_COMMENTS = YES;
				CLANG_WARN_EMPTY_BODY = YES;
				CLANG_WARN_ENUM_CONVERSION = YES;
				CLANG_WARN_INFINITE_RECURSION = YES;
				CLANG_WARN_INT_CONVERSION = YES;
				CLANG_WARN_NON_LITERAL_NULL_CONVERSION = YES;
				CLANG_WARN_OBJC_LITERAL_CONVERSION = YES;
				CLANG_WARN_OBJC_ROOT_CLASS = YES_ERROR;
				CLANG_WARN_RANGE_LOOP_ANALYSIS = YES;
				CLANG_WARN_STRICT_PROTOTYPES = YES;
				CLANG_WARN_SUSPICIOUS_MOVE = YES;
				CLANG_WARN_UNGUARDED_AVAILABILITY = YES_AGGRESSIVE;
				CLANG_WARN_UNREACHABLE_CODE = YES;
				CLANG_WARN__DUPLICATE_METHOD_MATCH = YES;
				CODE_SIGN_IDENTITY = "iPhone Developer";
				COPY_PHASE_STRIP = NO;
				DEBUG_INFORMATION_FORMAT = "dwarf-with-dsym";
				ENABLE_NS_ASSERTIONS = NO;
				ENABLE_STRICT_OBJC_MSGSEND = YES;
				GCC_C_LANGUAGE_STANDARD = gnu11;
				GCC_NO_COMMON_BLOCKS = YES;
				GCC_WARN_64_TO_32_BIT_CONVERSION = YES;
				GCC_WARN_ABOUT_RETURN_TYPE = YES_ERROR;
				GCC_WARN_UNDECLARED_SELECTOR = YES;
				GCC_WARN_UNINITIALIZED_AUTOS = YES_AGGRESSIVE;
				GCC_WARN_UNUSED_FUNCTION = YES;
				GCC_WARN_UNUSED_VARIABLE = YES;
				IPHONEOS_DEPLOYMENT_TARGET = 11.2;
				MTL_ENABLE_DEBUG_INFO = NO;
				SDKROOT = iphoneos;
				SWIFT_OPTIMIZATION_LEVEL = "-Owholemodule";
				VALIDATE_PRODUCT = YES;
			};
			name = Release;
		};
		24C2EB141FF9365F00C9503D /* Debug */ = {
			isa = XCBuildConfiguration;
			buildSettings = {
				ASSETCATALOG_COMPILER_APPICON_NAME = AppIcon;
				CODE_SIGN_STYLE = Automatic;
				DEVELOPMENT_TEAM = 4C34FT6ABU;
				INFOPLIST_FILE = flow/Info.plist;
				LD_RUNPATH_SEARCH_PATHS = "$(inherited) @executable_path/Frameworks";
				PRODUCT_BUNDLE_IDENTIFIER = com.tm.flow;
				PRODUCT_NAME = "$(TARGET_NAME)";
				SWIFT_VERSION = 4.0;
				TARGETED_DEVICE_FAMILY = "1,2";
			};
			name = Debug;
		};
		24C2EB151FF9365F00C9503D /* Release */ = {
			isa = XCBuildConfiguration;
			buildSettings = {
				ASSETCATALOG_COMPILER_APPICON_NAME = AppIcon;
				CODE_SIGN_STYLE = Automatic;
				DEVELOPMENT_TEAM = 4C34FT6ABU;
				INFOPLIST_FILE = flow/Info.plist;
				LD_RUNPATH_SEARCH_PATHS = "$(inherited) @executable_path/Frameworks";
				PRODUCT_BUNDLE_IDENTIFIER = com.tm.flow;
				PRODUCT_NAME = "$(TARGET_NAME)";
				SWIFT_VERSION = 4.0;
				TARGETED_DEVICE_FAMILY = "1,2";
			};
			name = Release;
		};
		24C2EB171FF9365F00C9503D /* Debug */ = {
			isa = XCBuildConfiguration;
			buildSettings = {
				ALWAYS_EMBED_SWIFT_STANDARD_LIBRARIES = YES;
				BUNDLE_LOADER = "$(TEST_HOST)";
				CODE_SIGN_STYLE = Automatic;
				DEVELOPMENT_TEAM = 4C34FT6ABU;
				INFOPLIST_FILE = flowTests/Info.plist;
				LD_RUNPATH_SEARCH_PATHS = "$(inherited) @executable_path/Frameworks @loader_path/Frameworks";
				PRODUCT_BUNDLE_IDENTIFIER = com.tm.flowTests;
				PRODUCT_NAME = "$(TARGET_NAME)";
				SWIFT_VERSION = 4.0;
				TARGETED_DEVICE_FAMILY = "1,2";
				TEST_HOST = "$(BUILT_PRODUCTS_DIR)/flow.app/flow";
			};
			name = Debug;
		};
		24C2EB181FF9365F00C9503D /* Release */ = {
			isa = XCBuildConfiguration;
			buildSettings = {
				ALWAYS_EMBED_SWIFT_STANDARD_LIBRARIES = YES;
				BUNDLE_LOADER = "$(TEST_HOST)";
				CODE_SIGN_STYLE = Automatic;
				DEVELOPMENT_TEAM = 4C34FT6ABU;
				INFOPLIST_FILE = flowTests/Info.plist;
				LD_RUNPATH_SEARCH_PATHS = "$(inherited) @executable_path/Frameworks @loader_path/Frameworks";
				PRODUCT_BUNDLE_IDENTIFIER = com.tm.flowTests;
				PRODUCT_NAME = "$(TARGET_NAME)";
				SWIFT_VERSION = 4.0;
				TARGETED_DEVICE_FAMILY = "1,2";
				TEST_HOST = "$(BUILT_PRODUCTS_DIR)/flow.app/flow";
			};
			name = Release;
		};
		24C2EB1A1FF9365F00C9503D /* Debug */ = {
			isa = XCBuildConfiguration;
			buildSettings = {
				ALWAYS_EMBED_SWIFT_STANDARD_LIBRARIES = YES;
				CODE_SIGN_STYLE = Automatic;
				DEVELOPMENT_TEAM = 4C34FT6ABU;
				INFOPLIST_FILE = flowUITests/Info.plist;
				LD_RUNPATH_SEARCH_PATHS = "$(inherited) @executable_path/Frameworks @loader_path/Frameworks";
				PRODUCT_BUNDLE_IDENTIFIER = com.tm.flowUITests;
				PRODUCT_NAME = "$(TARGET_NAME)";
				SWIFT_VERSION = 4.0;
				TARGETED_DEVICE_FAMILY = "1,2";
				TEST_TARGET_NAME = flow;
			};
			name = Debug;
		};
		24C2EB1B1FF9365F00C9503D /* Release */ = {
			isa = XCBuildConfiguration;
			buildSettings = {
				ALWAYS_EMBED_SWIFT_STANDARD_LIBRARIES = YES;
				CODE_SIGN_STYLE = Automatic;
				DEVELOPMENT_TEAM = 4C34FT6ABU;
				INFOPLIST_FILE = flowUITests/Info.plist;
				LD_RUNPATH_SEARCH_PATHS = "$(inherited) @executable_path/Frameworks @loader_path/Frameworks";
				PRODUCT_BUNDLE_IDENTIFIER = com.tm.flowUITests;
				PRODUCT_NAME = "$(TARGET_NAME)";
				SWIFT_VERSION = 4.0;
				TARGETED_DEVICE_FAMILY = "1,2";
				TEST_TARGET_NAME = flow;
			};
			name = Release;
		};
/* End XCBuildConfiguration section */

/* Begin XCConfigurationList section */
		24C2EAE61FF9365F00C9503D /* Build configuration list for PBXProject "flow" */ = {
			isa = XCConfigurationList;
			buildConfigurations = (
				24C2EB111FF9365F00C9503D /* Debug */,
				24C2EB121FF9365F00C9503D /* Release */,
			);
			defaultConfigurationIsVisible = 0;
			defaultConfigurationName = Release;
		};
		24C2EB131FF9365F00C9503D /* Build configuration list for PBXNativeTarget "flow" */ = {
			isa = XCConfigurationList;
			buildConfigurations = (
				24C2EB141FF9365F00C9503D /* Debug */,
				24C2EB151FF9365F00C9503D /* Release */,
			);
			defaultConfigurationIsVisible = 0;
			defaultConfigurationName = Release;
		};
		24C2EB161FF9365F00C9503D /* Build configuration list for PBXNativeTarget "flowTests" */ = {
			isa = XCConfigurationList;
			buildConfigurations = (
				24C2EB171FF9365F00C9503D /* Debug */,
				24C2EB181FF9365F00C9503D /* Release */,
			);
			defaultConfigurationIsVisible = 0;
			defaultConfigurationName = Release;
		};
		24C2EB191FF9365F00C9503D /* Build configuration list for PBXNativeTarget "flowUITests" */ = {
			isa = XCConfigurationList;
			buildConfigurations = (
				24C2EB1A1FF9365F00C9503D /* Debug */,
				24C2EB1B1FF9365F00C9503D /* Release */,
			);
			defaultConfigurationIsVisible = 0;
			defaultConfigurationName = Release;
		};
/* End XCConfigurationList section */
	};
	rootObject = 24C2EAE31FF9365F00C9503D /* Project object */;
}
